
Microsoft Visual Studio Solution File, Format Version 12.00
# Visual Studio 14
VisualStudioVersion = 14.0.23107.0
MinimumVisualStudioVersion = 10.0.40219.1
Project("{FAE04EC0-301F-11D3-BF4B-00C04F79EFBC}") = "CEThreadingDemo", "CEThreadingDemo\CEThreadingDemo.csproj", "{8843A691-56C6-4B37-ACD8-8C133F58389E}"
EndProject
Project("{FAE04EC0-301F-11D3-BF4B-00C04F79EFBC}") = "CEDemo", "CEDemo\CEDemo.csproj", "{9C34D58B-564E-4D54-ADE3-2A5A390342B9}"
EndProject
Global
	GlobalSection(SolutionConfigurationPlatforms) = preSolution
		Debug|Any CPU = Debug|Any CPU
		Release|Any CPU = Release|Any CPU
	EndGlobalSection
	GlobalSection(ProjectConfigurationPlatforms) = postSolution
		{8843A691-56C6-4B37-ACD8-8C133F58389E}.Debug|Any CPU.ActiveCfg = Debug|Any CPU
		{8843A691-56C6-4B37-ACD8-8C133F58389E}.Debug|Any CPU.Build.0 = Debug|Any CPU
		{8843A691-56C6-4B37-ACD8-8C133F58389E}.Release|Any CPU.ActiveCfg = Release|Any CPU
		{8843A691-56C6-4B37-ACD8-8C133F58389E}.Release|Any CPU.Build.0 = Release|Any CPU
		{9C34D58B-564E-4D54-ADE3-2A5A390342B9}.Debug|Any CPU.ActiveCfg = Debug|Any CPU
		{9C34D58B-564E-4D54-ADE3-2A5A390342B9}.Debug|Any CPU.Build.0 = Debug|Any CPU
		{9C34D58B-564E-4D54-ADE3-2A5A390342B9}.Release|Any CPU.ActiveCfg = Release|Any CPU
		{9C34D58B-564E-4D54-ADE3-2A5A390342B9}.Release|Any CPU.Build.0 = Release|Any CPU
	EndGlobalSection
	GlobalSection(SolutionProperties) = preSolution
		HideSolutionNode = FALSE
	EndGlobalSection
EndGlobal
